
Microsoft Visual Studio Solution File, Format Version 12.00
# Visual Studio Version 17
VisualStudioVersion = 17.6.33723.286
MinimumVisualStudioVersion = 10.0.40219.1
Project("{8BC9CEB8-8B4A-11D0-8D11-00A0C91BC942}") = "big_numbers", "big_numbers.vcxproj", "{3A7DC56A-DB32-4518-B0D4-BF8CCD673EED}"
EndProject
Global
	GlobalSection(SolutionConfigurationPlatforms) = preSolution
		Debug|x64 = Debug|x64
		Debug|x86 = Debug|x86
		Release|x64 = Release|x64
		Release|x86 = Release|x86
	EndGlobalSection
	GlobalSection(ProjectConfigurationPlatforms) = postSolution
		{3A7DC56A-DB32-4518-B0D4-BF8CCD673EED}.Debug|x64.ActiveCfg = Debug|x64
		{3A7DC56A-DB32-4518-B0D4-BF8CCD673EED}.Debug|x64.Build.0 = Debug|x64
		{3A7DC56A-DB32-4518-B0D4-BF8CCD673EED}.Debug|x86.ActiveCfg = Debug|Win32
		{3A7DC56A-DB32-4518-B0D4-BF8CCD673EED}.Debug|x86.Build.0 = Debug|Win32
		{3A7DC56A-DB32-4518-B0D4-BF8CCD673EED}.Release|x64.ActiveCfg = Release|x64
		{3A7DC56A-DB32-4518-B0D4-BF8CCD673EED}.Release|x64.Build.0 = Release|x64
		{3A7DC56A-DB32-4518-B0D4-BF8CCD673EED}.Release|x86.ActiveCfg = Release|Win32
		{3A7DC56A-DB32-4518-B0D4-BF8CCD673EED}.Release|x86.Build.0 = Release|Win32
	EndGlobalSection
	GlobalSection(SolutionProperties) = preSolution
		HideSolutionNode = FALSE
	EndGlobalSection
	GlobalSection(ExtensibilityGlobals) = postSolution
		SolutionGuid = {DBF457C0-EB67-4B60-9D3B-81F2616B3AF5}
	EndGlobalSection
EndGlobal
